
Microsoft Visual Studio Solution File, Format Version 12.00
# Visual Studio 15
VisualStudioVersion = 15.0.28010.2050
MinimumVisualStudioVersion = 10.0.40219.1
Project("{FAE04EC0-301F-11D3-BF4B-00C04F79EFBC}") = "FlightSimulatorApp", "FlightSimulatorApp.csproj", "{12C542DB-FE50-45E1-8013-BE371B7C3BAC}"
EndProject
Global
	GlobalSection(SolutionConfigurationPlatforms) = preSolution
		Debug|Any CPU = Debug|Any CPU
		Release|Any CPU = Release|Any CPU
	EndGlobalSection
	GlobalSection(ProjectConfigurationPlatforms) = postSolution
		{12C542DB-FE50-45E1-8013-BE371B7C3BAC}.Debug|Any CPU.ActiveCfg = Debug|Any CPU
		{12C542DB-FE50-45E1-8013-BE371B7C3BAC}.Debug|Any CPU.Build.0 = Debug|Any CPU
		{12C542DB-FE50-45E1-8013-BE371B7C3BAC}.Release|Any CPU.ActiveCfg = Release|Any CPU
		{12C542DB-FE50-45E1-8013-BE371B7C3BAC}.Release|Any CPU.Build.0 = Release|Any CPU
	EndGlobalSection
	GlobalSection(SolutionProperties) = preSolution
		HideSolutionNode = FALSE
	EndGlobalSection
	GlobalSection(ExtensibilityGlobals) = postSolution
		SolutionGuid = {2B779555-9004-4036-896D-966227CFF888}
	EndGlobalSection
EndGlobal
